
Microsoft Visual Studio Solution File, Format Version 12.00
# Visual Studio Version 17
VisualStudioVersion = 17.6.33712.159
MinimumVisualStudioVersion = 10.0.40219.1
Project("{9A19103F-16F7-4668-BE54-9A1E7A4F7556}") = "GameLogic", "GameLogic\GameLogic.csproj", "{008EADA0-85F1-4D69-9689-771BC168714B}"
EndProject
Global
	GlobalSection(SolutionConfigurationPlatforms) = preSolution
		Debug|Any CPU = Debug|Any CPU
		Release|Any CPU = Release|Any CPU
	EndGlobalSection
	GlobalSection(ProjectConfigurationPlatforms) = postSolution
		{008EADA0-85F1-4D69-9689-771BC168714B}.Debug|Any CPU.ActiveCfg = Debug|Any CPU
		{008EADA0-85F1-4D69-9689-771BC168714B}.Debug|Any CPU.Build.0 = Debug|Any CPU
		{008EADA0-85F1-4D69-9689-771BC168714B}.Release|Any CPU.ActiveCfg = Release|Any CPU
		{008EADA0-85F1-4D69-9689-771BC168714B}.Release|Any CPU.Build.0 = Release|Any CPU
	EndGlobalSection
	GlobalSection(SolutionProperties) = preSolution
		HideSolutionNode = FALSE
	EndGlobalSection
	GlobalSection(ExtensibilityGlobals) = postSolution
		SolutionGuid = {2201316C-A7F5-41BE-B91F-D6FBAB38EF1D}
	EndGlobalSection
EndGlobal
